
Microsoft Visual Studio Solution File, Format Version 12.00
Project("{FAE04EC0-301F-11D3-BF4B-00C04F79EFBC}") = "Lebenslauf", "Lebenslauf\Lebenslauf.csproj", "{3A8F747B-18E1-4700-83EB-B8A0D4024361}"
EndProject
Global
	GlobalSection(SolutionConfigurationPlatforms) = preSolution
		Debug|Any CPU = Debug|Any CPU
		Release|Any CPU = Release|Any CPU
	EndGlobalSection
	GlobalSection(ProjectConfigurationPlatforms) = postSolution
		{3A8F747B-18E1-4700-83EB-B8A0D4024361}.Debug|Any CPU.ActiveCfg = Debug|Any CPU
		{3A8F747B-18E1-4700-83EB-B8A0D4024361}.Debug|Any CPU.Build.0 = Debug|Any CPU
		{3A8F747B-18E1-4700-83EB-B8A0D4024361}.Release|Any CPU.ActiveCfg = Release|Any CPU
		{3A8F747B-18E1-4700-83EB-B8A0D4024361}.Release|Any CPU.Build.0 = Release|Any CPU
	EndGlobalSection
EndGlobal
